
Microsoft Visual Studio Solution File, Format Version 12.00
# Visual Studio Version 16
VisualStudioVersion = 16.0.31613.86
MinimumVisualStudioVersion = 10.0.40219.1
Project("{FAE04EC0-301F-11D3-BF4B-00C04F79EFBC}") = "FormPrac", "FormPrac\FormPrac.csproj", "{D1D8A0C9-894A-4781-A9D9-A46F44E5F12B}"
EndProject
Global
	GlobalSection(SolutionConfigurationPlatforms) = preSolution
		Debug|Any CPU = Debug|Any CPU
		Release|Any CPU = Release|Any CPU
	EndGlobalSection
	GlobalSection(ProjectConfigurationPlatforms) = postSolution
		{D1D8A0C9-894A-4781-A9D9-A46F44E5F12B}.Debug|Any CPU.ActiveCfg = Debug|Any CPU
		{D1D8A0C9-894A-4781-A9D9-A46F44E5F12B}.Debug|Any CPU.Build.0 = Debug|Any CPU
		{D1D8A0C9-894A-4781-A9D9-A46F44E5F12B}.Release|Any CPU.ActiveCfg = Release|Any CPU
		{D1D8A0C9-894A-4781-A9D9-A46F44E5F12B}.Release|Any CPU.Build.0 = Release|Any CPU
	EndGlobalSection
	GlobalSection(SolutionProperties) = preSolution
		HideSolutionNode = FALSE
	EndGlobalSection
	GlobalSection(ExtensibilityGlobals) = postSolution
		SolutionGuid = {D17EE20D-281A-4901-9B4A-BC2F53BD3ABE}
	EndGlobalSection
EndGlobal
